
Microsoft Visual Studio Solution File, Format Version 12.00
# Visual Studio Version 17
VisualStudioVersion = 17.4.33122.133
MinimumVisualStudioVersion = 10.0.40219.1
Project("{FAE04EC0-301F-11D3-BF4B-00C04F79EFBC}") = "ImageProcessingTraining", "ImageProcessingTraining\ImageProcessingTraining.csproj", "{DC6C05E9-123F-4CB4-A7C2-300781759293}"
EndProject
Global
	GlobalSection(SolutionConfigurationPlatforms) = preSolution
		Debug|Any CPU = Debug|Any CPU
		Release|Any CPU = Release|Any CPU
	EndGlobalSection
	GlobalSection(ProjectConfigurationPlatforms) = postSolution
		{DC6C05E9-123F-4CB4-A7C2-300781759293}.Debug|Any CPU.ActiveCfg = Debug|Any CPU
		{DC6C05E9-123F-4CB4-A7C2-300781759293}.Debug|Any CPU.Build.0 = Debug|Any CPU
		{DC6C05E9-123F-4CB4-A7C2-300781759293}.Release|Any CPU.ActiveCfg = Release|Any CPU
		{DC6C05E9-123F-4CB4-A7C2-300781759293}.Release|Any CPU.Build.0 = Release|Any CPU
	EndGlobalSection
	GlobalSection(SolutionProperties) = preSolution
		HideSolutionNode = FALSE
	EndGlobalSection
	GlobalSection(ExtensibilityGlobals) = postSolution
		SolutionGuid = {CF1CC87F-1677-483A-A06B-A330339BED54}
	EndGlobalSection
EndGlobal
